
Microsoft Visual Studio Solution File, Format Version 12.00
# Visual Studio Version 16
VisualStudioVersion = 16.0.29102.190
MinimumVisualStudioVersion = 10.0.40219.1
Project("{FAE04EC0-301F-11D3-BF4B-00C04F79EFBC}") = "iTextSharpProject", "iTextSharpProject\iTextSharpProject.csproj", "{363D3981-6C95-4246-83A5-9F739128F07D}"
EndProject
Global
	GlobalSection(SolutionConfigurationPlatforms) = preSolution
		Debug|Any CPU = Debug|Any CPU
		Release|Any CPU = Release|Any CPU
	EndGlobalSection
	GlobalSection(ProjectConfigurationPlatforms) = postSolution
		{363D3981-6C95-4246-83A5-9F739128F07D}.Debug|Any CPU.ActiveCfg = Debug|Any CPU
		{363D3981-6C95-4246-83A5-9F739128F07D}.Debug|Any CPU.Build.0 = Debug|Any CPU
		{363D3981-6C95-4246-83A5-9F739128F07D}.Release|Any CPU.ActiveCfg = Release|Any CPU
		{363D3981-6C95-4246-83A5-9F739128F07D}.Release|Any CPU.Build.0 = Release|Any CPU
	EndGlobalSection
	GlobalSection(SolutionProperties) = preSolution
		HideSolutionNode = FALSE
	EndGlobalSection
	GlobalSection(ExtensibilityGlobals) = postSolution
		SolutionGuid = {2FBFA4C8-9B18-43FA-BE91-8F5FA98496C4}
	EndGlobalSection
EndGlobal
